Microsoft Visual Studio Solution File, Format Version 12.00
# Visual Studio Version 17
VisualStudioVersion = 17.5.2.0
MinimumVisualStudioVersion = 10.0.40219.1
Project("{FAE04EC0-301F-11D3-BF4B-00C04F79EFBC}") = "5-Dependency_Inversion principle", "5-Dependency_Inversion principle.csproj", "{6D9D79D7-0A13-35EE-C6A6-1ADAEC32E052}"
EndProject
Global
	GlobalSection(SolutionConfigurationPlatforms) = preSolution
		Debug|Any CPU = Debug|Any CPU
		Release|Any CPU = Release|Any CPU
	EndGlobalSection
	GlobalSection(ProjectConfigurationPlatforms) = postSolution
		{6D9D79D7-0A13-35EE-C6A6-1ADAEC32E052}.Debug|Any CPU.ActiveCfg = Debug|Any CPU
		{6D9D79D7-0A13-35EE-C6A6-1ADAEC32E052}.Debug|Any CPU.Build.0 = Debug|Any CPU
		{6D9D79D7-0A13-35EE-C6A6-1ADAEC32E052}.Release|Any CPU.ActiveCfg = Release|Any CPU
		{6D9D79D7-0A13-35EE-C6A6-1ADAEC32E052}.Release|Any CPU.Build.0 = Release|Any CPU
	EndGlobalSection
	GlobalSection(SolutionProperties) = preSolution
		HideSolutionNode = FALSE
	EndGlobalSection
	GlobalSection(ExtensibilityGlobals) = postSolution
		SolutionGuid = {8B22E68A-8986-4EA6-9E8C-FAED8989729F}
	EndGlobalSection
EndGlobal
